{
  "name": "ace-account-packages",
  "version": "0.1.0",
  "lockfileVersion": 3,
  "requires": true,
  "packages": {
    "": {
      "name": "ace-account-packages",
      "version": "0.1.0",
      "workspaces": [
        "packages/*"
      ],
      "engines": {
        "node": ">=20 <23"
      }
    },
    "node_modules/@npc-forge/ace-account-client": {
      "resolved": "packages/ace-account-client",
      "link": true
    },
    "node_modules/@npc-forge/ace-account-panel": {
      "resolved": "packages/ace-account-panel",
      "link": true
    },
    "packages/ace-account-client": {
      "name": "@npc-forge/ace-account-client",
      "version": "0.1.0",
      "license": "UNLICENSED"
    },
    "packages/ace-account-panel": {
      "name": "@npc-forge/ace-account-panel",
      "version": "0.1.0",
      "license": "UNLICENSED",
      "peerDependencies": {
        "@npc-forge/ace-account-client": "^0.1.0"
      }
    }
  }
}
